// !$*UTF8*$!
{
	archiveVersion = 1;
	classes = {
	};
	objectVersion = 51;
	objects = {

/* Begin PBXBuildFile section */
		32CD3BB58F46D34F7741D71D /* Pods_RxTimesTable_RxTimesTableUITests.framework in Frameworks */ = {isa = PBXBuildFile; fileRef = A5F7FA5A1BEAC413F64E2CB7 /* Pods_RxTimesTable_RxTimesTableUITests.framework */; };
		3E7D5AFD23F38FAD00AD456B /* AppDelegate.swift in Sources */ = {isa = PBXBuildFile; fileRef = 3E7D5AFC23F38FAD00AD456B /* AppDelegate.swift */; };
		3E7D5B0123F38FAD00AD456B /* ViewController.swift in Sources */ = {isa = PBXBuildFile; fileRef = 3E7D5B0023F38FAD00AD456B /* ViewController.swift */; };
		3E7D5B0423F38FAD00AD456B /* Main.storyboard in Resources */ = {isa = PBXBuildFile; fileRef = 3E7D5B0223F38FAD00AD456B /* Main.storyboard */; };
		3E7D5B0623F38FAE00AD456B /* Assets.xcassets in Resources */ = {isa = PBXBuildFile; fileRef = 3E7D5B0523F38FAE00AD456B /* Assets.xcassets */; };
		3E7D5B0923F38FAE00AD456B /* LaunchScreen.storyboard in Resources */ = {isa = PBXBuildFile; fileRef = 3E7D5B0723F38FAE00AD456B /* LaunchScreen.storyboard */; };
		3E7D5B1423F38FAF00AD456B /* RxTimesTableTests.swift in Sources */ = {isa = PBXBuildFile; fileRef = 3E7D5B1323F38FAF00AD456B /* RxTimesTableTests.swift */; };
		3E7D5B1F23F38FAF00AD456B /* RxTimesTableUITests.swift in Sources */ = {isa = PBXBuildFile; fileRef = 3E7D5B1E23F38FAF00AD456B /* RxTimesTableUITests.swift */; };
		3E7D5B2F23F3975B00AD456B /* Model.swift in Sources */ = {isa = PBXBuildFile; fileRef = 3E7D5B2E23F3975B00AD456B /* Model.swift */; };
		3E7D5B3123F3977300AD456B /* ViewModel.swift in Sources */ = {isa = PBXBuildFile; fileRef = 3E7D5B3023F3977300AD456B /* ViewModel.swift */; };
		3E7D5B3423F39AED00AD456B /* String+Regex.swift in Sources */ = {isa = PBXBuildFile; fileRef = 3E7D5B3323F39AED00AD456B /* String+Regex.swift */; };
		6C87D4384DFC69DCDCC81F1E /* Pods_RxTimesTable.framework in Frameworks */ = {isa = PBXBuildFile; fileRef = 6A0D763C9B821A327E128315 /* Pods_RxTimesTable.framework */; };
		6FA59B1CA4AAEBE28163E180 /* Pods_RxTimesTableTests.framework in Frameworks */ = {isa = PBXBuildFile; fileRef = 235D7F2373F03FD7E5010D09 /* Pods_RxTimesTableTests.framework */; };
/* End PBXBuildFile section */

/* Begin PBXContainerItemProxy section */
		3E7D5B1023F38FAF00AD456B /* PBXContainerItemProxy */ = {
			isa = PBXContainerItemProxy;
			containerPortal = 3E7D5AF123F38FAD00AD456B /* Project object */;
			proxyType = 1;
			remoteGlobalIDString = 3E7D5AF823F38FAD00AD456B;
			remoteInfo = RxTimesTable;
		};
		3E7D5B1B23F38FAF00AD456B /* PBXContainerItemProxy */ = {
			isa = PBXContainerItemProxy;
			containerPortal = 3E7D5AF123F38FAD00AD456B /* Project object */;
			proxyType = 1;
			remoteGlobalIDString = 3E7D5AF823F38FAD00AD456B;
			remoteInfo = RxTimesTable;
		};
/* End PBXContainerItemProxy section */

/* Begin PBXFileReference section */
		235D7F2373F03FD7E5010D09 /* Pods_RxTimesTableTests.framework */ = {isa = PBXFileReference; explicitFileType = wrapper.framework; includeInIndex = 0; path = Pods_RxTimesTableTests.framework; sourceTree = BUILT_PRODUCTS_DIR; };
		2FE96DD1D4FA250362ED44CF /* Pods-RxTimesTable-RxTimesTableUITests.debug.xcconfig */ = {isa = PBXFileReference; includeInIndex = 1; lastKnownFileType = text.xcconfig; name = "Pods-RxTimesTable-RxTimesTableUITests.debug.xcconfig"; path = "Target Support Files/Pods-RxTimesTable-RxTimesTableUITests/Pods-RxTimesTable-RxTimesTableUITests.debug.xcconfig"; sourceTree = "<group>"; };
		3E7D5AF923F38FAD00AD456B /* RxTimesTable.app */ = {isa = PBXFileReference; explicitFileType = wrapper.application; includeInIndex = 0; path = RxTimesTable.app; sourceTree = BUILT_PRODUCTS_DIR; };
		3E7D5AFC23F38FAD00AD456B /* AppDelegate.swift */ = {isa = PBXFileReference; lastKnownFileType = sourcecode.swift; path = AppDelegate.swift; sourceTree = "<group>"; };
		3E7D5B0023F38FAD00AD456B /* ViewController.swift */ = {isa = PBXFileReference; lastKnownFileType = sourcecode.swift; path = ViewController.swift; sourceTree = "<group>"; };
		3E7D5B0323F38FAD00AD456B /* Base */ = {isa = PBXFileReference; lastKnownFileType = file.storyboard; name = Base; path = Base.lproj/Main.storyboard; sourceTree = "<group>"; };
		3E7D5B0523F38FAE00AD456B /* Assets.xcassets */ = {isa = PBXFileReference; lastKnownFileType = folder.assetcatalog; path = Assets.xcassets; sourceTree = "<group>"; };
		3E7D5B0823F38FAE00AD456B /* Base */ = {isa = PBXFileReference; lastKnownFileType = file.storyboard; name = Base; path = Base.lproj/LaunchScreen.storyboard; sourceTree = "<group>"; };
		3E7D5B0A23F38FAE00AD456B /* Info.plist */ = {isa = PBXFileReference; lastKnownFileType = text.plist.xml; path = Info.plist; sourceTree = "<group>"; };
		3E7D5B0F23F38FAF00AD456B /* RxTimesTableTests.xctest */ = {isa = PBXFileReference; explicitFileType = wrapper.cfbundle; includeInIndex = 0; path = RxTimesTableTests.xctest; sourceTree = BUILT_PRODUCTS_DIR; };
		3E7D5B1323F38FAF00AD456B /* RxTimesTableTests.swift */ = {isa = PBXFileReference; lastKnownFileType = sourcecode.swift; path = RxTimesTableTests.swift; sourceTree = "<group>"; };
		3E7D5B1523F38FAF00AD456B /* Info.plist */ = {isa = PBXFileReference; lastKnownFileType = text.plist.xml; path = Info.plist; sourceTree = "<group>"; };
		3E7D5B1A23F38FAF00AD456B /* RxTimesTableUITests.xctest */ = {isa = PBXFileReference; explicitFileType = wrapper.cfbundle; includeInIndex = 0; path = RxTimesTableUITests.xctest; sourceTree = BUILT_PRODUCTS_DIR; };
		3E7D5B1E23F38FAF00AD456B /* RxTimesTableUITests.swift */ = {isa = PBXFileReference; lastKnownFileType = sourcecode.swift; path = RxTimesTableUITests.swift; sourceTree = "<group>"; };
		3E7D5B2023F38FAF00AD456B /* Info.plist */ = {isa = PBXFileReference; lastKnownFileType = text.plist.xml; path = Info.plist; sourceTree = "<group>"; };
		3E7D5B2E23F3975B00AD456B /* Model.swift */ = {isa = PBXFileReference; lastKnownFileType = sourcecode.swift; path = Model.swift; sourceTree = "<group>"; };
		3E7D5B3023F3977300AD456B /* ViewModel.swift */ = {isa = PBXFileReference; lastKnownFileType = sourcecode.swift; path = ViewModel.swift; sourceTree = "<group>"; };
		3E7D5B3323F39AED00AD456B /* String+Regex.swift */ = {isa = PBXFileReference; lastKnownFileType = sourcecode.swift; path = "String+Regex.swift"; sourceTree = "<group>"; };
		6A0D763C9B821A327E128315 /* Pods_RxTimesTable.framework */ = {isa = PBXFileReference; explicitFileType = wrapper.framework; includeInIndex = 0; path = Pods_RxTimesTable.framework; sourceTree = BUILT_PRODUCTS_DIR; };
		8F3786F7EE8824EEB3787C92 /* Pods-RxTimesTableTests.release.xcconfig */ = {isa = PBXFileReference; includeInIndex = 1; lastKnownFileType = text.xcconfig; name = "Pods-RxTimesTableTests.release.xcconfig"; path = "Target Support Files/Pods-RxTimesTableTests/Pods-RxTimesTableTests.release.xcconfig"; sourceTree = "<group>"; };
		A5F7FA5A1BEAC413F64E2CB7 /* Pods_RxTimesTable_RxTimesTableUITests.framework */ = {isa = PBXFileReference; explicitFileType = wrapper.framework; includeInIndex = 0; path = Pods_RxTimesTable_RxTimesTableUITests.framework; sourceTree = BUILT_PRODUCTS_DIR; };
		AFAEAAB9A00CFDBFA1C53926 /* Pods-RxTimesTable.debug.xcconfig */ = {isa = PBXFileReference; includeInIndex = 1; lastKnownFileType = text.xcconfig; name = "Pods-RxTimesTable.debug.xcconfig"; path = "Target Support Files/Pods-RxTimesTable/Pods-RxTimesTable.debug.xcconfig"; sourceTree = "<group>"; };
		B4C460784708FB753F4F166F /* Pods-RxTimesTable.release.xcconfig */ = {isa = PBXFileReference; includeInIndex = 1; lastKnownFileType = text.xcconfig; name = "Pods-RxTimesTable.release.xcconfig"; path = "Target Support Files/Pods-RxTimesTable/Pods-RxTimesTable.release.xcconfig"; sourceTree = "<group>"; };
		DAEEFEC76A4FA0A65748B4AD /* Pods-RxTimesTableTests.debug.xcconfig */ = {isa = PBXFileReference; includeInIndex = 1; lastKnownFileType = text.xcconfig; name = "Pods-RxTimesTableTests.debug.xcconfig"; path = "Target Support Files/Pods-RxTimesTableTests/Pods-RxTimesTableTests.debug.xcconfig"; sourceTree = "<group>"; };
		F9DE78DB59AADC475A97A2F2 /* Pods-RxTimesTable-RxTimesTableUITests.release.xcconfig */ = {isa = PBXFileReference; includeInIndex = 1; lastKnownFileType = text.xcconfig; name = "Pods-RxTimesTable-RxTimesTableUITests.release.xcconfig"; path = "Target Support Files/Pods-RxTimesTable-RxTimesTableUITests/Pods-RxTimesTable-RxTimesTableUITests.release.xcconfig"; sourceTree = "<group>"; };
/* End PBXFileReference section */

/* Begin PBXFrameworksBuildPhase section */
		3E7D5AF623F38FAD00AD456B /* Frameworks */ = {
			isa = PBXFrameworksBuildPhase;
			buildActionMask = 2147483647;
			files = (
				6C87D4384DFC69DCDCC81F1E /* Pods_RxTimesTable.framework in Frameworks */,
			);
			runOnlyForDeploymentPostprocessing = 0;
		};
		3E7D5B0C23F38FAF00AD456B /* Frameworks */ = {
			isa = PBXFrameworksBuildPhase;
			buildActionMask = 2147483647;
			files = (
				6FA59B1CA4AAEBE28163E180 /* Pods_RxTimesTableTests.framework in Frameworks */,
			);
			runOnlyForDeploymentPostprocessing = 0;
		};
		3E7D5B1723F38FAF00AD456B /* Frameworks */ = {
			isa = PBXFrameworksBuildPhase;
			buildActionMask = 2147483647;
			files = (
				32CD3BB58F46D34F7741D71D /* Pods_RxTimesTable_RxTimesTableUITests.framework in Frameworks */,
			);
			runOnlyForDeploymentPostprocessing = 0;
		};
/* End PBXFrameworksBuildPhase section */

/* Begin PBXGroup section */
		3E7D5AF023F38FAD00AD456B = {
			isa = PBXGroup;
			children = (
				3E7D5AFB23F38FAD00AD456B /* RxTimesTable */,
				3E7D5B1223F38FAF00AD456B /* RxTimesTableTests */,
				3E7D5B1D23F38FAF00AD456B /* RxTimesTableUITests */,
				3E7D5AFA23F38FAD00AD456B /* Products */,
				52F2D423C8D830399D2AB962 /* Pods */,
				C4787B32EC1CE92356A87406 /* Frameworks */,
			);
			sourceTree = "<group>";
		};
		3E7D5AFA23F38FAD00AD456B /* Products */ = {
			isa = PBXGroup;
			children = (
				3E7D5AF923F38FAD00AD456B /* RxTimesTable.app */,
				3E7D5B0F23F38FAF00AD456B /* RxTimesTableTests.xctest */,
				3E7D5B1A23F38FAF00AD456B /* RxTimesTableUITests.xctest */,
			);
			name = Products;
			sourceTree = "<group>";
		};
		3E7D5AFB23F38FAD00AD456B /* RxTimesTable */ = {
			isa = PBXGroup;
			children = (
				3E7D5B3223F39ADE00AD456B /* Extensions */,
				3E7D5B2D23F3914C00AD456B /* Model */,
				3E7D5B2C23F3914700AD456B /* ViewModel */,
				3E7D5AFC23F38FAD00AD456B /* AppDelegate.swift */,
				3E7D5B0023F38FAD00AD456B /* ViewController.swift */,
				3E7D5B0223F38FAD00AD456B /* Main.storyboard */,
				3E7D5B0523F38FAE00AD456B /* Assets.xcassets */,
				3E7D5B0723F38FAE00AD456B /* LaunchScreen.storyboard */,
				3E7D5B0A23F38FAE00AD456B /* Info.plist */,
			);
			path = RxTimesTable;
			sourceTree = "<group>";
		};
		3E7D5B1223F38FAF00AD456B /* RxTimesTableTests */ = {
			isa = PBXGroup;
			children = (
				3E7D5B1323F38FAF00AD456B /* RxTimesTableTests.swift */,
				3E7D5B1523F38FAF00AD456B /* Info.plist */,
			);
			path = RxTimesTableTests;
			sourceTree = "<group>";
		};
		3E7D5B1D23F38FAF00AD456B /* RxTimesTableUITests */ = {
			isa = PBXGroup;
			children = (
				3E7D5B1E23F38FAF00AD456B /* RxTimesTableUITests.swift */,
				3E7D5B2023F38FAF00AD456B /* Info.plist */,
			);
			path = RxTimesTableUITests;
			sourceTree = "<group>";
		};
		3E7D5B2C23F3914700AD456B /* ViewModel */ = {
			isa = PBXGroup;
			children = (
				3E7D5B3023F3977300AD456B /* ViewModel.swift */,
			);
			path = ViewModel;
			sourceTree = "<group>";
		};
		3E7D5B2D23F3914C00AD456B /* Model */ = {
			isa = PBXGroup;
			children = (
				3E7D5B2E23F3975B00AD456B /* Model.swift */,
			);
			path = Model;
			sourceTree = "<group>";
		};
		3E7D5B3223F39ADE00AD456B /* Extensions */ = {
			isa = PBXGroup;
			children = (
				3E7D5B3323F39AED00AD456B /* String+Regex.swift */,
			);
			path = Extensions;
			sourceTree = "<group>";
		};
		52F2D423C8D830399D2AB962 /* Pods */ = {
			isa = PBXGroup;
			children = (
				AFAEAAB9A00CFDBFA1C53926 /* Pods-RxTimesTable.debug.xcconfig */,
				B4C460784708FB753F4F166F /* Pods-RxTimesTable.release.xcconfig */,
				2FE96DD1D4FA250362ED44CF /* Pods-RxTimesTable-RxTimesTableUITests.debug.xcconfig */,
				F9DE78DB59AADC475A97A2F2 /* Pods-RxTimesTable-RxTimesTableUITests.release.xcconfig */,
				DAEEFEC76A4FA0A65748B4AD /* Pods-RxTimesTableTests.debug.xcconfig */,
				8F3786F7EE8824EEB3787C92 /* Pods-RxTimesTableTests.release.xcconfig */,
			);
			path = Pods;
			sourceTree = "<group>";
		};
		C4787B32EC1CE92356A87406 /* Frameworks */ = {
			isa = PBXGroup;
			children = (
				6A0D763C9B821A327E128315 /* Pods_RxTimesTable.framework */,
				A5F7FA5A1BEAC413F64E2CB7 /* Pods_RxTimesTable_RxTimesTableUITests.framework */,
				235D7F2373F03FD7E5010D09 /* Pods_RxTimesTableTests.framework */,
			);
			name = Frameworks;
			sourceTree = "<group>";
		};
/* End PBXGroup section */

/* Begin PBXNativeTarget section */
		3E7D5AF823F38FAD00AD456B /* RxTimesTable */ = {
			isa = PBXNativeTarget;
			buildConfigurationList = 3E7D5B2323F38FAF00AD456B /* Build configuration list for PBXNativeTarget "RxTimesTable" */;
			buildPhases = (
				BD99772EADECABC169A43E3C /* [CP] Check Pods Manifest.lock */,
				3E7D5AF523F38FAD00AD456B /* Sources */,
				3E7D5AF623F38FAD00AD456B /* Frameworks */,
				3E7D5AF723F38FAD00AD456B /* Resources */,
				79E12BAD7BC2BEA21A3372D5 /* [CP] Embed Pods Frameworks */,
			);
			buildRules = (
			);
			dependencies = (
			);
			name = RxTimesTable;
			productName = RxTimesTable;
			productReference = 3E7D5AF923F38FAD00AD456B /* RxTimesTable.app */;
			productType = "com.apple.product-type.application";
		};
		3E7D5B0E23F38FAF00AD456B /* RxTimesTableTests */ = {
			isa = PBXNativeTarget;
			buildConfigurationList = 3E7D5B2623F38FAF00AD456B /* Build configuration list for PBXNativeTarget "RxTimesTableTests" */;
			buildPhases = (
				1250670AE91B5D96A620F774 /* [CP] Check Pods Manifest.lock */,
				3E7D5B0B23F38FAF00AD456B /* Sources */,
				3E7D5B0C23F38FAF00AD456B /* Frameworks */,
				3E7D5B0D23F38FAF00AD456B /* Resources */,
			);
			buildRules = (
			);
			dependencies = (
				3E7D5B1123F38FAF00AD456B /* PBXTargetDependency */,
			);
			name = RxTimesTableTests;
			productName = RxTimesTableTests;
			productReference = 3E7D5B0F23F38FAF00AD456B /* RxTimesTableTests.xctest */;
			productType = "com.apple.product-type.bundle.unit-test";
		};
		3E7D5B1923F38FAF00AD456B /* RxTimesTableUITests */ = {
			isa = PBXNativeTarget;
			buildConfigurationList = 3E7D5B2923F38FAF00AD456B /* Build configuration list for PBXNativeTarget "RxTimesTableUITests" */;
			buildPhases = (
				F71F5CF0F4D1A1EBAB7D1983 /* [CP] Check Pods Manifest.lock */,
				3E7D5B1623F38FAF00AD456B /* Sources */,
				3E7D5B1723F38FAF00AD456B /* Frameworks */,
				3E7D5B1823F38FAF00AD456B /* Resources */,
				B471D9B0EAFA7A0B2A10CBF7 /* [CP] Embed Pods Frameworks */,
			);
			buildRules = (
			);
			dependencies = (
				3E7D5B1C23F38FAF00AD456B /* PBXTargetDependency */,
			);
			name = RxTimesTableUITests;
			productName = RxTimesTableUITests;
			productReference = 3E7D5B1A23F38FAF00AD456B /* RxTimesTableUITests.xctest */;
			productType = "com.apple.product-type.bundle.ui-testing";
		};
/* End PBXNativeTarget section */

/* Begin PBXProject section */
		3E7D5AF123F38FAD00AD456B /* Project object */ = {
			isa = PBXProject;
			attributes = {
				LastSwiftUpdateCheck = 1130;
				LastUpgradeCheck = 1130;
				ORGANIZATIONNAME = "Myeong Soo";
				TargetAttributes = {
					3E7D5AF823F38FAD00AD456B = {
						CreatedOnToolsVersion = 11.3.1;
					};
					3E7D5B0E23F38FAF00AD456B = {
						CreatedOnToolsVersion = 11.3.1;
						TestTargetID = 3E7D5AF823F38FAD00AD456B;
					};
					3E7D5B1923F38FAF00AD456B = {
						CreatedOnToolsVersion = 11.3.1;
						TestTargetID = 3E7D5AF823F38FAD00AD456B;
					};
				};
			};
			buildConfigurationList = 3E7D5AF423F38FAD00AD456B /* Build configuration list for PBXProject "RxTimesTable" */;
			compatibilityVersion = "Xcode 9.3";
			developmentRegion = en;
			hasScannedForEncodings = 0;
			knownRegions = (
				en,
				Base,
			);
			mainGroup = 3E7D5AF023F38FAD00AD456B;
			productRefGroup = 3E7D5AFA23F38FAD00AD456B /* Products */;
			projectDirPath = "";
			projectRoot = "";
			targets = (
				3E7D5AF823F38FAD00AD456B /* RxTimesTable */,
				3E7D5B0E23F38FAF00AD456B /* RxTimesTableTests */,
				3E7D5B1923F38FAF00AD456B /* RxTimesTableUITests */,
			);
		};
/* End PBXProject section */

/* Begin PBXResourcesBuildPhase section */
		3E7D5AF723F38FAD00AD456B /* Resources */ = {
			isa = PBXResourcesBuildPhase;
			buildActionMask = 2147483647;
			files = (
				3E7D5B0923F38FAE00AD456B /* LaunchScreen.storyboard in Resources */,
				3E7D5B0623F38FAE00AD456B /* Assets.xcassets in Resources */,
				3E7D5B0423F38FAD00AD456B /* Main.storyboard in Resources */,
			);
			runOnlyForDeploymentPostprocessing = 0;
		};
		3E7D5B0D23F38FAF00AD456B /* Resources */ = {
			isa = PBXResourcesBuildPhase;
			buildActionMask = 2147483647;
			files = (
			);
			runOnlyForDeploymentPostprocessing = 0;
		};
		3E7D5B1823F38FAF00AD456B /* Resources */ = {
			isa = PBXResourcesBuildPhase;
			buildActionMask = 2147483647;
			files = (
			);
			runOnlyForDeploymentPostprocessing = 0;
		};
/* End PBXResourcesBuildPhase section */

/* Begin PBXShellScriptBuildPhase section */
		1250670AE91B5D96A620F774 /* [CP] Check Pods Manifest.lock */ = {
			isa = PBXShellScriptBuildPhase;
			buildActionMask = 2147483647;
			files = (
			);
			inputFileListPaths = (
			);
			inputPaths = (
				"${PODS_PODFILE_DIR_PATH}/Podfile.lock",
				"${PODS_ROOT}/Manifest.lock",
			);
			name = "[CP] Check Pods Manifest.lock";
			outputFileListPaths = (
			);
			outputPaths = (
				"$(DERIVED_FILE_DIR)/Pods-RxTimesTableTests-checkManifestLockResult.txt",
			);
			runOnlyForDeploymentPostprocessing = 0;
			shellPath = /bin/sh;
			shellScript = "diff \"${PODS_PODFILE_DIR_PATH}/Podfile.lock\" \"${PODS_ROOT}/Manifest.lock\" > /dev/null\nif [ $? != 0 ] ; then\n    # print error to STDERR\n    echo \"error: The sandbox is not in sync with the Podfile.lock. Run 'pod install' or update your CocoaPods installation.\" >&2\n    exit 1\nfi\n# This output is used by Xcode 'outputs' to avoid re-running this script phase.\necho \"SUCCESS\" > \"${SCRIPT_OUTPUT_FILE_0}\"\n";
			showEnvVarsInLog = 0;
		};
		79E12BAD7BC2BEA21A3372D5 /* [CP] Embed Pods Frameworks */ = {
			isa = PBXShellScriptBuildPhase;
			buildActionMask = 2147483647;
			files = (
			);
			inputFileListPaths = (
				"${PODS_ROOT}/Target Support Files/Pods-RxTimesTable/Pods-RxTimesTable-frameworks-${CONFIGURATION}-input-files.xcfilelist",
			);
			name = "[CP] Embed Pods Frameworks";
			outputFileListPaths = (
				"${PODS_ROOT}/Target Support Files/Pods-RxTimesTable/Pods-RxTimesTable-frameworks-${CONFIGURATION}-output-files.xcfilelist",
			);
			runOnlyForDeploymentPostprocessing = 0;
			shellPath = /bin/sh;
			shellScript = "\"${PODS_ROOT}/Target Support Files/Pods-RxTimesTable/Pods-RxTimesTable-frameworks.sh\"\n";
			showEnvVarsInLog = 0;
		};
		B471D9B0EAFA7A0B2A10CBF7 /* [CP] Embed Pods Frameworks */ = {
			isa = PBXShellScriptBuildPhase;
			buildActionMask = 2147483647;
			files = (
			);
			inputFileListPaths = (
				"${PODS_ROOT}/Target Support Files/Pods-RxTimesTable-RxTimesTableUITests/Pods-RxTimesTable-RxTimesTableUITests-frameworks-${CONFIGURATION}-input-files.xcfilelist",
			);
			name = "[CP] Embed Pods Frameworks";
			outputFileListPaths = (
				"${PODS_ROOT}/Target Support Files/Pods-RxTimesTable-RxTimesTableUITests/Pods-RxTimesTable-RxTimesTableUITests-frameworks-${CONFIGURATION}-output-files.xcfilelist",
			);
			runOnlyForDeploymentPostprocessing = 0;
			shellPath = /bin/sh;
			shellScript = "\"${PODS_ROOT}/Target Support Files/Pods-RxTimesTable-RxTimesTableUITests/Pods-RxTimesTable-RxTimesTableUITests-frameworks.sh\"\n";
			showEnvVarsInLog = 0;
		};
		BD99772EADECABC169A43E3C /* [CP] Check Pods Manifest.lock */ = {
			isa = PBXShellScriptBuildPhase;
			buildActionMask = 2147483647;
			files = (
			);
			inputFileListPaths = (
			);
			inputPaths = (
				"${PODS_PODFILE_DIR_PATH}/Podfile.lock",
				"${PODS_ROOT}/Manifest.lock",
			);
			name = "[CP] Check Pods Manifest.lock";
			outputFileListPaths = (
			);
			outputPaths = (
				"$(DERIVED_FILE_DIR)/Pods-RxTimesTable-checkManifestLockResult.txt",
			);
			runOnlyForDeploymentPostprocessing = 0;
			shellPath = /bin/sh;
			shellScript = "diff \"${PODS_PODFILE_DIR_PATH}/Podfile.lock\" \"${PODS_ROOT}/Manifest.lock\" > /dev/null\nif [ $? != 0 ] ; then\n    # print error to STDERR\n    echo \"error: The sandbox is not in sync with the Podfile.lock. Run 'pod install' or update your CocoaPods installation.\" >&2\n    exit 1\nfi\n# This output is used by Xcode 'outputs' to avoid re-running this script phase.\necho \"SUCCESS\" > \"${SCRIPT_OUTPUT_FILE_0}\"\n";
			showEnvVarsInLog = 0;
		};
		F71F5CF0F4D1A1EBAB7D1983 /* [CP] Check Pods Manifest.lock */ = {
			isa = PBXShellScriptBuildPhase;
			buildActionMask = 2147483647;
			files = (
			);
			inputFileListPaths = (
			);
			inputPaths = (
				"${PODS_PODFILE_DIR_PATH}/Podfile.lock",
				"${PODS_ROOT}/Manifest.lock",
			);
			name = "[CP] Check Pods Manifest.lock";
			outputFileListPaths = (
			);
			outputPaths = (
				"$(DERIVED_FILE_DIR)/Pods-RxTimesTable-RxTimesTableUITests-checkManifestLockResult.txt",
			);
			runOnlyForDeploymentPostprocessing = 0;
			shellPath = /bin/sh;
			shellScript = "diff \"${PODS_PODFILE_DIR_PATH}/Podfile.lock\" \"${PODS_ROOT}/Manifest.lock\" > /dev/null\nif [ $? != 0 ] ; then\n    # print error to STDERR\n    echo \"error: The sandbox is not in sync with the Podfile.lock. Run 'pod install' or update your CocoaPods installation.\" >&2\n    exit 1\nfi\n# This output is used by Xcode 'outputs' to avoid re-running this script phase.\necho \"SUCCESS\" > \"${SCRIPT_OUTPUT_FILE_0}\"\n";
			showEnvVarsInLog = 0;
		};
/* End PBXShellScriptBuildPhase section */

/* Begin PBXSourcesBuildPhase section */
		3E7D5AF523F38FAD00AD456B /* Sources */ = {
			isa = PBXSourcesBuildPhase;
			buildActionMask = 2147483647;
			files = (
				3E7D5B2F23F3975B00AD456B /* Model.swift in Sources */,
				3E7D5B3423F39AED00AD456B /* String+Regex.swift in Sources */,
				3E7D5B0123F38FAD00AD456B /* ViewController.swift in Sources */,
				3E7D5B3123F3977300AD456B /* ViewModel.swift in Sources */,
				3E7D5AFD23F38FAD00AD456B /* AppDelegate.swift in Sources */,
			);
			runOnlyForDeploymentPostprocessing = 0;
		};
		3E7D5B0B23F38FAF00AD456B /* Sources */ = {
			isa = PBXSourcesBuildPhase;
			buildActionMask = 2147483647;
			files = (
				3E7D5B1423F38FAF00AD456B /* RxTimesTableTests.swift in Sources */,
			);
			runOnlyForDeploymentPostprocessing = 0;
		};
		3E7D5B1623F38FAF00AD456B /* Sources */ = {
			isa = PBXSourcesBuildPhase;
			buildActionMask = 2147483647;
			files = (
				3E7D5B1F23F38FAF00AD456B /* RxTimesTableUITests.swift in Sources */,
			);
			runOnlyForDeploymentPostprocessing = 0;
		};
/* End PBXSourcesBuildPhase section */

/* Begin PBXTargetDependency section */
		3E7D5B1123F38FAF00AD456B /* PBXTargetDependency */ = {
			isa = PBXTargetDependency;
			target = 3E7D5AF823F38FAD00AD456B /* RxTimesTable */;
			targetProxy = 3E7D5B1023F38FAF00AD456B /* PBXContainerItemProxy */;
		};
		3E7D5B1C23F38FAF00AD456B /* PBXTargetDependency */ = {
			isa = PBXTargetDependency;
			target = 3E7D5AF823F38FAD00AD456B /* RxTimesTable */;
			targetProxy = 3E7D5B1B23F38FAF00AD456B /* PBXContainerItemProxy */;
		};
/* End PBXTargetDependency section */

/* Begin PBXVariantGroup section */
		3E7D5B0223F38FAD00AD456B /* Main.storyboard */ = {
			isa = PBXVariantGroup;
			children = (
				3E7D5B0323F38FAD00AD456B /* Base */,
			);
			name = Main.storyboard;
			sourceTree = "<group>";
		};
		3E7D5B0723F38FAE00AD456B /* LaunchScreen.storyboard */ = {
			isa = PBXVariantGroup;
			children = (
				3E7D5B0823F38FAE00AD456B /* Base */,
			);
			name = LaunchScreen.storyboard;
			sourceTree = "<group>";
		};
/* End PBXVariantGroup section */

/* Begin XCBuildConfiguration section */
		3E7D5B2123F38FAF00AD456B /* Debug */ = {
			isa = XCBuildConfiguration;
			buildSettings = {
				ALWAYS_SEARCH_USER_PATHS = NO;
				CLANG_ANALYZER_NONNULL = YES;
				CLANG_ANALYZER_NUMBER_OBJECT_CONVERSION = YES_AGGRESSIVE;
				CLANG_CXX_LANGUAGE_STANDARD = "gnu++14";
				CLANG_CXX_LIBRARY = "libc++";
				CLANG_ENABLE_MODULES = YES;
				CLANG_ENABLE_OBJC_ARC = YES;
				CLANG_ENABLE_OBJC_WEAK = YES;
				CLANG_WARN_BLOCK_CAPTURE_AUTORELEASING = YES;
				CLANG_WARN_BOOL_CONVERSION = YES;
				CLANG_WARN_COMMA = YES;
				CLANG_WARN_CONSTANT_CONVERSION = YES;
				CLANG_WARN_DEPRECATED_OBJC_IMPLEMENTATIONS = YES;
				CLANG_WARN_DIRECT_OBJC_ISA_USAGE = YES_ERROR;
				CLANG_WARN_DOCUMENTATION_COMMENTS = YES;
				CLANG_WARN_EMPTY_BODY = YES;
				CLANG_WARN_ENUM_CONVERSION = YES;
				CLANG_WARN_INFINITE_RECURSION = YES;
				CLANG_WARN_INT_CONVERSION = YES;
				CLANG_WARN_NON_LITERAL_NULL_CONVERSION = YES;
				CLANG_WARN_OBJC_IMPLICIT_RETAIN_SELF = YES;
				CLANG_WARN_OBJC_LITERAL_CONVERSION = YES;
				CLANG_WARN_OBJC_ROOT_CLASS = YES_ERROR;
				CLANG_WARN_RANGE_LOOP_ANALYSIS = YES;
				CLANG_WARN_STRICT_PROTOTYPES = YES;
				CLANG_WARN_SUSPICIOUS_MOVE = YES;
				CLANG_WARN_UNGUARDED_AVAILABILITY = YES_AGGRESSIVE;
				CLANG_WARN_UNREACHABLE_CODE = YES;
				CLANG_WARN__DUPLICATE_METHOD_MATCH = YES;
				COPY_PHASE_STRIP = NO;
				DEBUG_INFORMATION_FORMAT = dwarf;
				ENABLE_STRICT_OBJC_MSGSEND = YES;
				ENABLE_TESTABILITY = YES;
				GCC_C_LANGUAGE_STANDARD = gnu11;
				GCC_DYNAMIC_NO_PIC = NO;
				GCC_NO_COMMON_BLOCKS = YES;
				GCC_OPTIMIZATION_LEVEL = 0;
				GCC_PREPROCESSOR_DEFINITIONS = (
					"DEBUG=1",
					"$(inherited)",
				);
				GCC_WARN_64_TO_32_BIT_CONVERSION = YES;
				GCC_WARN_ABOUT_RETURN_TYPE = YES_ERROR;
				GCC_WARN_UNDECLARED_SELECTOR = YES;
				GCC_WARN_UNINITIALIZED_AUTOS = YES_AGGRESSIVE;
				GCC_WARN_UNUSED_FUNCTION = YES;
				GCC_WARN_UNUSED_VARIABLE = YES;
				IPHONEOS_DEPLOYMENT_TARGET = 13.2;
				MTL_ENABLE_DEBUG_INFO = INCLUDE_SOURCE;
				MTL_FAST_MATH = YES;
				ONLY_ACTIVE_ARCH = YES;
				SDKROOT = iphoneos;
				SWIFT_ACTIVE_COMPILATION_CONDITIONS = DEBUG;
				SWIFT_OPTIMIZATION_LEVEL = "-Onone";
			};
			name = Debug;
		};
		3E7D5B2223F38FAF00AD456B /* Release */ = {
			isa = XCBuildConfiguration;
			buildSettings = {
				ALWAYS_SEARCH_USER_PATHS = NO;
				CLANG_ANALYZER_NONNULL = YES;
				CLANG_ANALYZER_NUMBER_OBJECT_CONVERSION = YES_AGGRESSIVE;
				CLANG_CXX_LANGUAGE_STANDARD = "gnu++14";
				CLANG_CXX_LIBRARY = "libc++";
				CLANG_ENABLE_MODULES = YES;
				CLANG_ENABLE_OBJC_ARC = YES;
				CLANG_ENABLE_OBJC_WEAK = YES;
				CLANG_WARN_BLOCK_CAPTURE_AUTORELEASING = YES;
				CLANG_WARN_BOOL_CONVERSION = YES;
				CLANG_WARN_COMMA = YES;
				CLANG_WARN_CONSTANT_CONVERSION = YES;
				CLANG_WARN_DEPRECATED_OBJC_IMPLEMENTATIONS = YES;
				CLANG_WARN_DIRECT_OBJC_ISA_USAGE = YES_ERROR;
				CLANG_WARN_DOCUMENTATION_COMMENTS = YES;
				CLANG_WARN_EMPTY_BODY = YES;
				CLANG_WARN_ENUM_CONVERSION = YES;
				CLANG_WARN_INFINITE_RECURSION = YES;
				CLANG_WARN_INT_CONVERSION = YES;
				CLANG_WARN_NON_LITERAL_NULL_CONVERSION = YES;
				CLANG_WARN_OBJC_IMPLICIT_RETAIN_SELF = YES;
				CLANG_WARN_OBJC_LITERAL_CONVERSION = YES;
				CLANG_WARN_OBJC_ROOT_CLASS = YES_ERROR;
				CLANG_WARN_RANGE_LOOP_ANALYSIS = YES;
				CLANG_WARN_STRICT_PROTOTYPES = YES;
				CLANG_WARN_SUSPICIOUS_MOVE = YES;
				CLANG_WARN_UNGUARDED_AVAILABILITY = YES_AGGRESSIVE;
				CLANG_WARN_UNREACHABLE_CODE = YES;
				CLANG_WARN__DUPLICATE_METHOD_MATCH = YES;
				COPY_PHASE_STRIP = NO;
				DEBUG_INFORMATION_FORMAT = "dwarf-with-dsym";
				ENABLE_NS_ASSERTIONS = NO;
				ENABLE_STRICT_OBJC_MSGSEND = YES;
				GCC_C_LANGUAGE_STANDARD = gnu11;
				GCC_NO_COMMON_BLOCKS = YES;
				GCC_WARN_64_TO_32_BIT_CONVERSION = YES;
				GCC_WARN_ABOUT_RETURN_TYPE = YES_ERROR;
				GCC_WARN_UNDECLARED_SELECTOR = YES;
				GCC_WARN_UNINITIALIZED_AUTOS = YES_AGGRESSIVE;
				GCC_WARN_UNUSED_FUNCTION = YES;
				GCC_WARN_UNUSED_VARIABLE = YES;
				IPHONEOS_DEPLOYMENT_TARGET = 13.2;
				MTL_ENABLE_DEBUG_INFO = NO;
				MTL_FAST_MATH = YES;
				SDKROOT = iphoneos;
				SWIFT_COMPILATION_MODE = wholemodule;
				SWIFT_OPTIMIZATION_LEVEL = "-O";
				VALIDATE_PRODUCT = YES;
			};
			name = Release;
		};
		3E7D5B2423F38FAF00AD456B /* Debug */ = {
			isa = XCBuildConfiguration;
			baseConfigurationReference = AFAEAAB9A00CFDBFA1C53926 /* Pods-RxTimesTable.debug.xcconfig */;
			buildSettings = {
				ASSETCATALOG_COMPILER_APPICON_NAME = AppIcon;
				CODE_SIGN_STYLE = Automatic;
				DEVELOPMENT_TEAM = 73KBV8Z2RB;
				INFOPLIST_FILE = RxTimesTable/Info.plist;
				LD_RUNPATH_SEARCH_PATHS = (
					"$(inherited)",
					"@executable_path/Frameworks",
				);
				PRODUCT_BUNDLE_IDENTIFIER = com.lyine.RxTimesTable;
				PRODUCT_NAME = "$(TARGET_NAME)";
				SWIFT_VERSION = 5.0;
				TARGETED_DEVICE_FAMILY = "1,2";
			};
			name = Debug;
		};
		3E7D5B2523F38FAF00AD456B /* Release */ = {
			isa = XCBuildConfiguration;
			baseConfigurationReference = B4C460784708FB753F4F166F /* Pods-RxTimesTable.release.xcconfig */;
			buildSettings = {
				ASSETCATALOG_COMPILER_APPICON_NAME = AppIcon;
				CODE_SIGN_STYLE = Automatic;
				DEVELOPMENT_TEAM = 73KBV8Z2RB;
				INFOPLIST_FILE = RxTimesTable/Info.plist;
				LD_RUNPATH_SEARCH_PATHS = (
					"$(inherited)",
					"@executable_path/Frameworks",
				);
				PRODUCT_BUNDLE_IDENTIFIER = com.lyine.RxTimesTable;
				PRODUCT_NAME = "$(TARGET_NAME)";
				SWIFT_VERSION = 5.0;
				TARGETED_DEVICE_FAMILY = "1,2";
			};
			name = Release;
		};
		3E7D5B2723F38FAF00AD456B /* Debug */ = {
			isa = XCBuildConfiguration;
			baseConfigurationReference = DAEEFEC76A4FA0A65748B4AD /* Pods-RxTimesTableTests.debug.xcconfig */;
			buildSettings = {
				ALWAYS_EMBED_SWIFT_STANDARD_LIBRARIES = YES;
				BUNDLE_LOADER = "$(TEST_HOST)";
				CODE_SIGN_STYLE = Automatic;
				DEVELOPMENT_TEAM = 73KBV8Z2RB;
				INFOPLIST_FILE = RxTimesTableTests/Info.plist;
				IPHONEOS_DEPLOYMENT_TARGET = 13.2;
				LD_RUNPATH_SEARCH_PATHS = (
					"$(inherited)",
					"@executable_path/Frameworks",
					"@loader_path/Frameworks",
				);
				PRODUCT_BUNDLE_IDENTIFIER = com.lyine.RxTimesTableTests;
				PRODUCT_NAME = "$(TARGET_NAME)";
				SWIFT_VERSION = 5.0;
				TARGETED_DEVICE_FAMILY = "1,2";
				TEST_HOST = "$(BUILT_PRODUCTS_DIR)/RxTimesTable.app/RxTimesTable";
			};
			name = Debug;
		};
		3E7D5B2823F38FAF00AD456B /* Release */ = {
			isa = XCBuildConfiguration;
			baseConfigurationReference = 8F3786F7EE8824EEB3787C92 /* Pods-RxTimesTableTests.release.xcconfig */;
			buildSettings = {
				ALWAYS_EMBED_SWIFT_STANDARD_LIBRARIES = YES;
				BUNDLE_LOADER = "$(TEST_HOST)";
				CODE_SIGN_STYLE = Automatic;
				DEVELOPMENT_TEAM = 73KBV8Z2RB;
				INFOPLIST_FILE = RxTimesTableTests/Info.plist;
				IPHONEOS_DEPLOYMENT_TARGET = 13.2;
				LD_RUNPATH_SEARCH_PATHS = (
					"$(inherited)",
					"@executable_path/Frameworks",
					"@loader_path/Frameworks",
				);
				PRODUCT_BUNDLE_IDENTIFIER = com.lyine.RxTimesTableTests;
				PRODUCT_NAME = "$(TARGET_NAME)";
				SWIFT_VERSION = 5.0;
				TARGETED_DEVICE_FAMILY = "1,2";
				TEST_HOST = "$(BUILT_PRODUCTS_DIR)/RxTimesTable.app/RxTimesTable";
			};
			name = Release;
		};
		3E7D5B2A23F38FAF00AD456B /* Debug */ = {
			isa = XCBuildConfiguration;
			baseConfigurationReference = 2FE96DD1D4FA250362ED44CF /* Pods-RxTimesTable-RxTimesTableUITests.debug.xcconfig */;
			buildSettings = {
				ALWAYS_EMBED_SWIFT_STANDARD_LIBRARIES = YES;
				CODE_SIGN_STYLE = Automatic;
				DEVELOPMENT_TEAM = 73KBV8Z2RB;
				INFOPLIST_FILE = RxTimesTableUITests/Info.plist;
				LD_RUNPATH_SEARCH_PATHS = (
					"$(inherited)",
					"@executable_path/Frameworks",
					"@loader_path/Frameworks",
				);
				PRODUCT_BUNDLE_IDENTIFIER = com.lyine.RxTimesTableUITests;
				PRODUCT_NAME = "$(TARGET_NAME)";
				SWIFT_VERSION = 5.0;
				TARGETED_DEVICE_FAMILY = "1,2";
				TEST_TARGET_NAME = RxTimesTable;
			};
			name = Debug;
		};
		3E7D5B2B23F38FAF00AD456B /* Release */ = {
			isa = XCBuildConfiguration;
			baseConfigurationReference = F9DE78DB59AADC475A97A2F2 /* Pods-RxTimesTable-RxTimesTableUITests.release.xcconfig */;
			buildSettings = {
				ALWAYS_EMBED_SWIFT_STANDARD_LIBRARIES = YES;
				CODE_SIGN_STYLE = Automatic;
				DEVELOPMENT_TEAM = 73KBV8Z2RB;
				INFOPLIST_FILE = RxTimesTableUITests/Info.plist;
				LD_RUNPATH_SEARCH_PATHS = (
					"$(inherited)",
					"@executable_path/Frameworks",
					"@loader_path/Frameworks",
				);
				PRODUCT_BUNDLE_IDENTIFIER = com.lyine.RxTimesTableUITests;
				PRODUCT_NAME = "$(TARGET_NAME)";
				SWIFT_VERSION = 5.0;
				TARGETED_DEVICE_FAMILY = "1,2";
				TEST_TARGET_NAME = RxTimesTable;
			};
			name = Release;
		};
/* End XCBuildConfiguration section */

/* Begin XCConfigurationList section */
		3E7D5AF423F38FAD00AD456B /* Build configuration list for PBXProject "RxTimesTable" */ = {
			isa = XCConfigurationList;
			buildConfigurations = (
				3E7D5B2123F38FAF00AD456B /* Debug */,
				3E7D5B2223F38FAF00AD456B /* Release */,
			);
			defaultConfigurationIsVisible = 0;
			defaultConfigurationName = Release;
		};
		3E7D5B2323F38FAF00AD456B /* Build configuration list for PBXNativeTarget "RxTimesTable" */ = {
			isa = XCConfigurationList;
			buildConfigurations = (
				3E7D5B2423F38FAF00AD456B /* Debug */,
				3E7D5B2523F38FAF00AD456B /* Release */,
			);
			defaultConfigurationIsVisible = 0;
			defaultConfigurationName = Release;
		};
		3E7D5B2623F38FAF00AD456B /* Build configuration list for PBXNativeTarget "RxTimesTableTests" */ = {
			isa = XCConfigurationList;
			buildConfigurations = (
				3E7D5B2723F38FAF00AD456B /* Debug */,
				3E7D5B2823F38FAF00AD456B /* Release */,
			);
			defaultConfigurationIsVisible = 0;
			defaultConfigurationName = Release;
		};
		3E7D5B2923F38FAF00AD456B /* Build configuration list for PBXNativeTarget "RxTimesTableUITests" */ = {
			isa = XCConfigurationList;
			buildConfigurations = (
				3E7D5B2A23F38FAF00AD456B /* Debug */,
				3E7D5B2B23F38FAF00AD456B /* Release */,
			);
			defaultConfigurationIsVisible = 0;
			defaultConfigurationName = Release;
		};
/* End XCConfigurationList section */
	};
	rootObject = 3E7D5AF123F38FAD00AD456B /* Project object */;
}
